
Microsoft Visual Studio Solution File, Format Version 12.00
# Visual Studio Version 16
VisualStudioVersion = 16.0.29001.49
MinimumVisualStudioVersion = 10.0.40219.1
Project("{8BC9CEB8-8B4A-11D0-8D11-00A0C91BC942}") = "TCP Client", "TCP Client.vcxproj", "{2F49BCE0-8B3B-4BC8-A662-2C4FBAA466AC}"
EndProject
Global
	GlobalSection(SolutionConfigurationPlatforms) = preSolution
		Debug|x64 = Debug|x64
		Debug|x86 = Debug|x86
		Release|x64 = Release|x64
		Release|x86 = Release|x86
	EndGlobalSection
	GlobalSection(ProjectConfigurationPlatforms) = postSolution
		{2F49BCE0-8B3B-4BC8-A662-2C4FBAA466AC}.Debug|x64.ActiveCfg = Debug|x64
		{2F49BCE0-8B3B-4BC8-A662-2C4FBAA466AC}.Debug|x64.Build.0 = Debug|x64
		{2F49BCE0-8B3B-4BC8-A662-2C4FBAA466AC}.Debug|x86.ActiveCfg = Debug|Win32
		{2F49BCE0-8B3B-4BC8-A662-2C4FBAA466AC}.Debug|x86.Build.0 = Debug|Win32
		{2F49BCE0-8B3B-4BC8-A662-2C4FBAA466AC}.Release|x64.ActiveCfg = Release|x64
		{2F49BCE0-8B3B-4BC8-A662-2C4FBAA466AC}.Release|x64.Build.0 = Release|x64
		{2F49BCE0-8B3B-4BC8-A662-2C4FBAA466AC}.Release|x86.ActiveCfg = Release|Win32
		{2F49BCE0-8B3B-4BC8-A662-2C4FBAA466AC}.Release|x86.Build.0 = Release|Win32
	EndGlobalSection
	GlobalSection(SolutionProperties) = preSolution
		HideSolutionNode = FALSE
	EndGlobalSection
	GlobalSection(ExtensibilityGlobals) = postSolution
		SolutionGuid = {50EF2564-846C-46F3-B582-70A309A9D1B0}
	EndGlobalSection
EndGlobal
