
Microsoft Visual Studio Solution File, Format Version 12.00
# Visual Studio Version 16
VisualStudioVersion = 16.0.29001.49
MinimumVisualStudioVersion = 10.0.40219.1
Project("{8BC9CEB8-8B4A-11D0-8D11-00A0C91BC942}") = "UDP Socket", "UDP Socket.vcxproj", "{88B145C2-4526-4602-92FF-99DA8BC2833B}"
EndProject
Global
	GlobalSection(SolutionConfigurationPlatforms) = preSolution
		Debug|x64 = Debug|x64
		Debug|x86 = Debug|x86
		Release|x64 = Release|x64
		Release|x86 = Release|x86
	EndGlobalSection
	GlobalSection(ProjectConfigurationPlatforms) = postSolution
		{88B145C2-4526-4602-92FF-99DA8BC2833B}.Debug|x64.ActiveCfg = Debug|x64
		{88B145C2-4526-4602-92FF-99DA8BC2833B}.Debug|x64.Build.0 = Debug|x64
		{88B145C2-4526-4602-92FF-99DA8BC2833B}.Debug|x86.ActiveCfg = Debug|Win32
		{88B145C2-4526-4602-92FF-99DA8BC2833B}.Debug|x86.Build.0 = Debug|Win32
		{88B145C2-4526-4602-92FF-99DA8BC2833B}.Release|x64.ActiveCfg = Release|x64
		{88B145C2-4526-4602-92FF-99DA8BC2833B}.Release|x64.Build.0 = Release|x64
		{88B145C2-4526-4602-92FF-99DA8BC2833B}.Release|x86.ActiveCfg = Debug|Win32
		{88B145C2-4526-4602-92FF-99DA8BC2833B}.Release|x86.Build.0 = Debug|Win32
	EndGlobalSection
	GlobalSection(SolutionProperties) = preSolution
		HideSolutionNode = FALSE
	EndGlobalSection
	GlobalSection(ExtensibilityGlobals) = postSolution
		SolutionGuid = {5EEB9D0C-3690-43A7-84E3-DC5617EAD9C6}
	EndGlobalSection
EndGlobal
